
Microsoft Visual Studio Solution File, Format Version 12.00
# Visual Studio Version 17
VisualStudioVersion = 17.9.34728.123
MinimumVisualStudioVersion = 10.0.40219.1
Project("{FAE04EC0-301F-11D3-BF4B-00C04F79EFBC}") = "Lesson6", "Lesson6\Lesson6.csproj", "{99FB3970-587B-4D3B-84BB-CD63F90F4A60}"
EndProject
Global
	GlobalSection(SolutionConfigurationPlatforms) = preSolution
		Debug|Any CPU = Debug|Any CPU
		Release|Any CPU = Release|Any CPU
	EndGlobalSection
	GlobalSection(ProjectConfigurationPlatforms) = postSolution
		{99FB3970-587B-4D3B-84BB-CD63F90F4A60}.Debug|Any CPU.ActiveCfg = Debug|Any CPU
		{99FB3970-587B-4D3B-84BB-CD63F90F4A60}.Debug|Any CPU.Build.0 = Debug|Any CPU
		{99FB3970-587B-4D3B-84BB-CD63F90F4A60}.Release|Any CPU.ActiveCfg = Release|Any CPU
		{99FB3970-587B-4D3B-84BB-CD63F90F4A60}.Release|Any CPU.Build.0 = Release|Any CPU
	EndGlobalSection
	GlobalSection(SolutionProperties) = preSolution
		HideSolutionNode = FALSE
	EndGlobalSection
	GlobalSection(ExtensibilityGlobals) = postSolution
		SolutionGuid = {1A2FEF0B-6B0D-4380-92C6-AB857B9040C2}
	EndGlobalSection
EndGlobal
