
Microsoft Visual Studio Solution File, Format Version 12.00
# Visual Studio Version 17
VisualStudioVersion = 17.9.34728.123
MinimumVisualStudioVersion = 10.0.40219.1
Project("{FAE04EC0-301F-11D3-BF4B-00C04F79EFBC}") = "MSSQLForCSharpProgrammer", "MSSQLForCSharpProgrammer\MSSQLForCSharpProgrammer.csproj", "{B5848812-309D-40D1-AAEC-AAAB6F78B8FD}"
EndProject
Project("{FAE04EC0-301F-11D3-BF4B-00C04F79EFBC}") = "EFDemoWeb", "EFDemoWeb\EFDemoWeb.csproj", "{D7630DEA-5517-4FD3-B60E-8F582989FD05}"
EndProject
Project("{FAE04EC0-301F-11D3-BF4B-00C04F79EFBC}") = "EFDataAccesLibrary", "EFDataAccesLibrary\EFDataAccesLibrary.csproj", "{AD264D73-B422-497A-A08B-A9C1E9E35952}"
EndProject
Global
	GlobalSection(SolutionConfigurationPlatforms) = preSolution
		Debug|Any CPU = Debug|Any CPU
		Release|Any CPU = Release|Any CPU
	EndGlobalSection
	GlobalSection(ProjectConfigurationPlatforms) = postSolution
		{B5848812-309D-40D1-AAEC-AAAB6F78B8FD}.Debug|Any CPU.ActiveCfg = Debug|Any CPU
		{B5848812-309D-40D1-AAEC-AAAB6F78B8FD}.Debug|Any CPU.Build.0 = Debug|Any CPU
		{B5848812-309D-40D1-AAEC-AAAB6F78B8FD}.Release|Any CPU.ActiveCfg = Release|Any CPU
		{B5848812-309D-40D1-AAEC-AAAB6F78B8FD}.Release|Any CPU.Build.0 = Release|Any CPU
		{D7630DEA-5517-4FD3-B60E-8F582989FD05}.Debug|Any CPU.ActiveCfg = Debug|Any CPU
		{D7630DEA-5517-4FD3-B60E-8F582989FD05}.Debug|Any CPU.Build.0 = Debug|Any CPU
		{D7630DEA-5517-4FD3-B60E-8F582989FD05}.Release|Any CPU.ActiveCfg = Release|Any CPU
		{D7630DEA-5517-4FD3-B60E-8F582989FD05}.Release|Any CPU.Build.0 = Release|Any CPU
		{AD264D73-B422-497A-A08B-A9C1E9E35952}.Debug|Any CPU.ActiveCfg = Debug|Any CPU
		{AD264D73-B422-497A-A08B-A9C1E9E35952}.Debug|Any CPU.Build.0 = Debug|Any CPU
		{AD264D73-B422-497A-A08B-A9C1E9E35952}.Release|Any CPU.ActiveCfg = Release|Any CPU
		{AD264D73-B422-497A-A08B-A9C1E9E35952}.Release|Any CPU.Build.0 = Release|Any CPU
	EndGlobalSection
	GlobalSection(SolutionProperties) = preSolution
		HideSolutionNode = FALSE
	EndGlobalSection
	GlobalSection(ExtensibilityGlobals) = postSolution
		SolutionGuid = {78FBBE8F-69A5-438F-8624-E00AD99AF358}
	EndGlobalSection
EndGlobal
